
Microsoft Visual Studio Solution File, Format Version 12.00
# Visual Studio Version 17
VisualStudioVersion = 17.14.36717.8
MinimumVisualStudioVersion = 10.0.40219.1
Project("{8BC9CEB8-8B4A-11D0-8D11-00A0C91BC942}") = "00_Test", "00_Test\00_Test.vcxproj", "{49EA81EF-5F43-D207-F838-9568DF056D94}"
EndProject
Project("{8BC9CEB8-8B4A-11D0-8D11-00A0C91BC942}") = "01_Add", "01_Add\01_Add.vcxproj", "{94562D4C-4C7C-FB83-817C-8ABEBD7A2AC2}"
EndProject
Project("{8BC9CEB8-8B4A-11D0-8D11-00A0C91BC942}") = "02_MatrixMultiplication", "02_MatrixMultiplication\02_MatrixMultiplication.vcxproj", "{716B22F3-3C77-6A7D-2EE2-5ECACB8359C8}"
EndProject
Project("{8BC9CEB8-8B4A-11D0-8D11-00A0C91BC942}") = "03_ParallelReduction", "03_ParallelReduction\03_ParallelReduction.vcxproj", "{F674D270-A2B9-55C4-F9DB-FEF8F78D733E}"
EndProject
Project("{8BC9CEB8-8B4A-11D0-8D11-00A0C91BC942}") = "04_NBodySimulation", "04_NBodySimulation\04_NBodySimulation.vcxproj", "{D8F802D7-16D7-2F90-4087-1F174F9C66DB}"
EndProject
Global
	GlobalSection(SolutionConfigurationPlatforms) = preSolution
		Debug|x64 = Debug|x64
		Release|x64 = Release|x64
	EndGlobalSection
	GlobalSection(ProjectConfigurationPlatforms) = postSolution
		{49EA81EF-5F43-D207-F838-9568DF056D94}.Debug|x64.ActiveCfg = Debug|x64
		{49EA81EF-5F43-D207-F838-9568DF056D94}.Debug|x64.Build.0 = Debug|x64
		{49EA81EF-5F43-D207-F838-9568DF056D94}.Release|x64.ActiveCfg = Release|x64
		{49EA81EF-5F43-D207-F838-9568DF056D94}.Release|x64.Build.0 = Release|x64
		{94562D4C-4C7C-FB83-817C-8ABEBD7A2AC2}.Debug|x64.ActiveCfg = Debug|x64
		{94562D4C-4C7C-FB83-817C-8ABEBD7A2AC2}.Debug|x64.Build.0 = Debug|x64
		{94562D4C-4C7C-FB83-817C-8ABEBD7A2AC2}.Release|x64.ActiveCfg = Release|x64
		{94562D4C-4C7C-FB83-817C-8ABEBD7A2AC2}.Release|x64.Build.0 = Release|x64
		{716B22F3-3C77-6A7D-2EE2-5ECACB8359C8}.Debug|x64.ActiveCfg = Debug|x64
		{716B22F3-3C77-6A7D-2EE2-5ECACB8359C8}.Debug|x64.Build.0 = Debug|x64
		{716B22F3-3C77-6A7D-2EE2-5ECACB8359C8}.Release|x64.ActiveCfg = Release|x64
		{716B22F3-3C77-6A7D-2EE2-5ECACB8359C8}.Release|x64.Build.0 = Release|x64
		{F674D270-A2B9-55C4-F9DB-FEF8F78D733E}.Debug|x64.ActiveCfg = Debug|x64
		{F674D270-A2B9-55C4-F9DB-FEF8F78D733E}.Debug|x64.Build.0 = Debug|x64
		{F674D270-A2B9-55C4-F9DB-FEF8F78D733E}.Release|x64.ActiveCfg = Release|x64
		{F674D270-A2B9-55C4-F9DB-FEF8F78D733E}.Release|x64.Build.0 = Release|x64
		{D8F802D7-16D7-2F90-4087-1F174F9C66DB}.Debug|x64.ActiveCfg = Debug|x64
		{D8F802D7-16D7-2F90-4087-1F174F9C66DB}.Debug|x64.Build.0 = Debug|x64
		{D8F802D7-16D7-2F90-4087-1F174F9C66DB}.Release|x64.ActiveCfg = Release|x64
		{D8F802D7-16D7-2F90-4087-1F174F9C66DB}.Release|x64.Build.0 = Release|x64
	EndGlobalSection
	GlobalSection(SolutionProperties) = preSolution
		HideSolutionNode = FALSE
	EndGlobalSection
	GlobalSection(ExtensibilityGlobals) = postSolution
		SolutionGuid = {FC51C504-F8B9-4F31-99A5-47769D6BA109}
	EndGlobalSection
EndGlobal
