<?xml version="1.0" encoding="utf-8"?>
<Project ToolsVersion="4.0" xmlns="http://schemas.microsoft.com/developer/msbuild/2003">
  <ItemGroup>
    <Filter Include="Source Files">
      <UniqueIdentifier>{4FC737F1-C7A5-4376-A066-2A32D752A2FF}</UniqueIdentifier>
      <Extensions>cpp;c;cc;cxx;c++;cppm;ixx;def;odl;idl;hpj;bat;asm;asmx</Extensions>
    </Filter>
    <Filter Include="Header Files">
      <UniqueIdentifier>{93995380-89BD-4b04-88EB-625FBE52EBFB}</UniqueIdentifier>
      <Extensions>h;hh;hpp;hxx;h++;hm;inl;inc;ipp;xsd</Extensions>
    </Filter>
    <Filter Include="Resource Files">
      <UniqueIdentifier>{67DA6AB6-F800-4c08-8B7A-83BB121AAD01}</UniqueIdentifier>
      <Extensions>rc;ico;cur;bmp;dlg;rc2;rct;bin;rgs;gif;jpg;jpeg;jpe;resx;tiff;tif;png;wav;mfcribbon-ms</Extensions>
    </Filter>
    <Filter Include="Simulation">
      <UniqueIdentifier>{2292f23d-364c-4b0a-b16e-e0f4d6111d26}</UniqueIdentifier>
    </Filter>
    <Filter Include="Gateway">
      <UniqueIdentifier>{45c119bb-1249-468d-8348-f755117742c5}</UniqueIdentifier>
    </Filter>
    <Filter Include="Firmware">
      <UniqueIdentifier>{9b974994-f775-466f-ac38-f0beddeeeaee}</UniqueIdentifier>
    </Filter>
  </ItemGroup>
  <ItemGroup>
    <None Include="packages.config" />
    <None Include="Firmware\SimulatedInput.ino">
      <Filter>Firmware</Filter>
    </None>
  </ItemGroup>
  <ItemGroup>
    <ClCompile Include="Simulation\main.cpp">
      <Filter>Simulation</Filter>
    </ClCompile>
    <ClCompile Include="..\SerialGateway\SerialPort.cpp">
      <Filter>Simulation</Filter>
    </ClCompile>
  </ItemGroup>
  <ItemGroup>
    <CudaCompile Include="Simulation\kernel.cu">
      <Filter>Simulation</Filter>
    </CudaCompile>
    <CudaCompile Include="Simulation\kernel.cuh">
      <Filter>Simulation</Filter>
    </CudaCompile>
  </ItemGroup>
  <ItemGroup>
    <ClInclude Include="..\SerialGateway\SerialPort.h">
      <Filter>Simulation</Filter>
    </ClInclude>
  </ItemGroup>
</Project>